// !$*UTF8*$!
{
	archiveVersion = 1;
	classes = {
	};
	objectVersion = 46;
	objects = {

/* Begin PBXBuildFile section */
		8F9888F72092EFF200B7612E /* AppDelegate.m in Sources */ = {isa = PBXBuildFile; fileRef = 8F9888F62092EFF200B7612E /* AppDelegate.m */; };
		8F9888FA2092EFF200B7612E /* main.m in Sources */ = {isa = PBXBuildFile; fileRef = 8F9888F92092EFF200B7612E /* main.m */; };
		8F9888FD2092EFF200B7612E /* ViewController.m in Sources */ = {isa = PBXBuildFile; fileRef = 8F9888FC2092EFF200B7612E /* ViewController.m */; };
		8F9888FF2092EFF200B7612E /* Assets.xcassets in Resources */ = {isa = PBXBuildFile; fileRef = 8F9888FE2092EFF200B7612E /* Assets.xcassets */; };
		8F9889022092EFF200B7612E /* Main.storyboard in Resources */ = {isa = PBXBuildFile; fileRef = 8F9889002092EFF200B7612E /* Main.storyboard */; };
		8F98890D2092F01400B7612E /* HPSPlainView.m in Sources */ = {isa = PBXBuildFile; fileRef = 8F98890A2092F01400B7612E /* HPSPlainView.m */; };
		8F98890E2092F01400B7612E /* HPSReliefButton.m in Sources */ = {isa = PBXBuildFile; fileRef = 8F98890C2092F01400B7612E /* HPSReliefButton.m */; };
/* End PBXBuildFile section */

/* Begin PBXFileReference section */
		8F9888F22092EFF200B7612E /* HPSReliefButton.app */ = {isa = PBXFileReference; explicitFileType = wrapper.application; includeInIndex = 0; path = HPSReliefButton.app; sourceTree = BUILT_PRODUCTS_DIR; };
		8F9888F52092EFF200B7612E /* AppDelegate.h */ = {isa = PBXFileReference; lastKnownFileType = sourcecode.c.h; path = AppDelegate.h; sourceTree = "<group>"; };
		8F9888F62092EFF200B7612E /* AppDelegate.m */ = {isa = PBXFileReference; lastKnownFileType = sourcecode.c.objc; path = AppDelegate.m; sourceTree = "<group>"; };
		8F9888F92092EFF200B7612E /* main.m */ = {isa = PBXFileReference; lastKnownFileType = sourcecode.c.objc; path = main.m; sourceTree = "<group>"; };
		8F9888FB2092EFF200B7612E /* ViewController.h */ = {isa = PBXFileReference; lastKnownFileType = sourcecode.c.h; path = ViewController.h; sourceTree = "<group>"; };
		8F9888FC2092EFF200B7612E /* ViewController.m */ = {isa = PBXFileReference; lastKnownFileType = sourcecode.c.objc; path = ViewController.m; sourceTree = "<group>"; };
		8F9888FE2092EFF200B7612E /* Assets.xcassets */ = {isa = PBXFileReference; lastKnownFileType = folder.assetcatalog; path = Assets.xcassets; sourceTree = "<group>"; };
		8F9889012092EFF200B7612E /* Base */ = {isa = PBXFileReference; lastKnownFileType = file.storyboard; name = Base; path = Base.lproj/Main.storyboard; sourceTree = "<group>"; };
		8F9889032092EFF200B7612E /* Info.plist */ = {isa = PBXFileReference; lastKnownFileType = text.plist.xml; path = Info.plist; sourceTree = "<group>"; };
		8F9889092092F01400B7612E /* HPSPlainView.h */ = {isa = PBXFileReference; fileEncoding = 4; lastKnownFileType = sourcecode.c.h; path = HPSPlainView.h; sourceTree = "<group>"; };
		8F98890A2092F01400B7612E /* HPSPlainView.m */ = {isa = PBXFileReference; fileEncoding = 4; lastKnownFileType = sourcecode.c.objc; path = HPSPlainView.m; sourceTree = "<group>"; };
		8F98890B2092F01400B7612E /* HPSReliefButton.h */ = {isa = PBXFileReference; fileEncoding = 4; lastKnownFileType = sourcecode.c.h; path = HPSReliefButton.h; sourceTree = "<group>"; };
		8F98890C2092F01400B7612E /* HPSReliefButton.m */ = {isa = PBXFileReference; fileEncoding = 4; lastKnownFileType = sourcecode.c.objc; path = HPSReliefButton.m; sourceTree = "<group>"; };
/* End PBXFileReference section */

/* Begin PBXFrameworksBuildPhase section */
		8F9888EF2092EFF200B7612E /* Frameworks */ = {
			isa = PBXFrameworksBuildPhase;
			buildActionMask = 2147483647;
			files = (
			);
			runOnlyForDeploymentPostprocessing = 0;
		};
/* End PBXFrameworksBuildPhase section */

/* Begin PBXGroup section */
		8F9888E92092EFF200B7612E = {
			isa = PBXGroup;
			children = (
				8F9888F42092EFF200B7612E /* HPSReliefButton */,
				8F9888F32092EFF200B7612E /* Products */,
			);
			sourceTree = "<group>";
		};
		8F9888F32092EFF200B7612E /* Products */ = {
			isa = PBXGroup;
			children = (
				8F9888F22092EFF200B7612E /* HPSReliefButton.app */,
			);
			name = Products;
			sourceTree = "<group>";
		};
		8F9888F42092EFF200B7612E /* HPSReliefButton */ = {
			isa = PBXGroup;
			children = (
				8F9888F52092EFF200B7612E /* AppDelegate.h */,
				8F9888F62092EFF200B7612E /* AppDelegate.m */,
				8F9888FB2092EFF200B7612E /* ViewController.h */,
				8F9888FC2092EFF200B7612E /* ViewController.m */,
				8F9889092092F01400B7612E /* HPSPlainView.h */,
				8F98890A2092F01400B7612E /* HPSPlainView.m */,
				8F98890B2092F01400B7612E /* HPSReliefButton.h */,
				8F98890C2092F01400B7612E /* HPSReliefButton.m */,
				8F9888FE2092EFF200B7612E /* Assets.xcassets */,
				8F9889002092EFF200B7612E /* Main.storyboard */,
				8F9889032092EFF200B7612E /* Info.plist */,
				8F9888F82092EFF200B7612E /* Supporting Files */,
			);
			path = HPSReliefButton;
			sourceTree = "<group>";
		};
		8F9888F82092EFF200B7612E /* Supporting Files */ = {
			isa = PBXGroup;
			children = (
				8F9888F92092EFF200B7612E /* main.m */,
			);
			name = "Supporting Files";
			sourceTree = "<group>";
		};
/* End PBXGroup section */

/* Begin PBXNativeTarget section */
		8F9888F12092EFF200B7612E /* HPSReliefButton */ = {
			isa = PBXNativeTarget;
			buildConfigurationList = 8F9889062092EFF200B7612E /* Build configuration list for PBXNativeTarget "HPSReliefButton" */;
			buildPhases = (
				8F9888EE2092EFF200B7612E /* Sources */,
				8F9888EF2092EFF200B7612E /* Frameworks */,
				8F9888F02092EFF200B7612E /* Resources */,
			);
			buildRules = (
			);
			dependencies = (
			);
			name = HPSReliefButton;
			productName = HPSReliefButton;
			productReference = 8F9888F22092EFF200B7612E /* HPSReliefButton.app */;
			productType = "com.apple.product-type.application";
		};
/* End PBXNativeTarget section */

/* Begin PBXProject section */
		8F9888EA2092EFF200B7612E /* Project object */ = {
			isa = PBXProject;
			attributes = {
				LastUpgradeCheck = 0830;
				ORGANIZATIONNAME = 100hps;
				TargetAttributes = {
					8F9888F12092EFF200B7612E = {
						CreatedOnToolsVersion = 8.3.3;
						ProvisioningStyle = Automatic;
					};
				};
			};
			buildConfigurationList = 8F9888ED2092EFF200B7612E /* Build configuration list for PBXProject "HPSReliefButton" */;
			compatibilityVersion = "Xcode 3.2";
			developmentRegion = English;
			hasScannedForEncodings = 0;
			knownRegions = (
				en,
				Base,
			);
			mainGroup = 8F9888E92092EFF200B7612E;
			productRefGroup = 8F9888F32092EFF200B7612E /* Products */;
			projectDirPath = "";
			projectRoot = "";
			targets = (
				8F9888F12092EFF200B7612E /* HPSReliefButton */,
			);
		};
/* End PBXProject section */

/* Begin PBXResourcesBuildPhase section */
		8F9888F02092EFF200B7612E /* Resources */ = {
			isa = PBXResourcesBuildPhase;
			buildActionMask = 2147483647;
			files = (
				8F9888FF2092EFF200B7612E /* Assets.xcassets in Resources */,
				8F9889022092EFF200B7612E /* Main.storyboard in Resources */,
			);
			runOnlyForDeploymentPostprocessing = 0;
		};
/* End PBXResourcesBuildPhase section */

/* Begin PBXSourcesBuildPhase section */
		8F9888EE2092EFF200B7612E /* Sources */ = {
			isa = PBXSourcesBuildPhase;
			buildActionMask = 2147483647;
			files = (
				8F9888FD2092EFF200B7612E /* ViewController.m in Sources */,
				8F9888FA2092EFF200B7612E /* main.m in Sources */,
				8F9888F72092EFF200B7612E /* AppDelegate.m in Sources */,
				8F98890E2092F01400B7612E /* HPSReliefButton.m in Sources */,
				8F98890D2092F01400B7612E /* HPSPlainView.m in Sources */,
			);
			runOnlyForDeploymentPostprocessing = 0;
		};
/* End PBXSourcesBuildPhase section */

/* Begin PBXVariantGroup section */
		8F9889002092EFF200B7612E /* Main.storyboard */ = {
			isa = PBXVariantGroup;
			children = (
				8F9889012092EFF200B7612E /* Base */,
			);
			name = Main.storyboard;
			sourceTree = "<group>";
		};
/* End PBXVariantGroup section */

/* Begin XCBuildConfiguration section */
		8F9889042092EFF200B7612E /* Debug */ = {
			isa = XCBuildConfiguration;
			buildSettings = {
				ALWAYS_SEARCH_USER_PATHS = NO;
				CLANG_ANALYZER_NONNULL = YES;
				CLANG_ANALYZER_NUMBER_OBJECT_CONVERSION = YES_AGGRESSIVE;
				CLANG_CXX_LANGUAGE_STANDARD = "gnu++0x";
				CLANG_CXX_LIBRARY = "libc++";
				CLANG_ENABLE_MODULES = YES;
				CLANG_ENABLE_OBJC_ARC = YES;
				CLANG_WARN_BOOL_CONVERSION = YES;
				CLANG_WARN_CONSTANT_CONVERSION = YES;
				CLANG_WARN_DIRECT_OBJC_ISA_USAGE = YES_ERROR;
				CLANG_WARN_DOCUMENTATION_COMMENTS = YES;
				CLANG_WARN_EMPTY_BODY = YES;
				CLANG_WARN_ENUM_CONVERSION = YES;
				CLANG_WARN_INFINITE_RECURSION = YES;
				CLANG_WARN_INT_CONVERSION = YES;
				CLANG_WARN_OBJC_ROOT_CLASS = YES_ERROR;
				CLANG_WARN_SUSPICIOUS_MOVE = YES;
				CLANG_WARN_UNREACHABLE_CODE = YES;
				CLANG_WARN__DUPLICATE_METHOD_MATCH = YES;
				CODE_SIGN_IDENTITY = "-";
				COPY_PHASE_STRIP = NO;
				DEBUG_INFORMATION_FORMAT = dwarf;
				ENABLE_STRICT_OBJC_MSGSEND = YES;
				ENABLE_TESTABILITY = YES;
				GCC_C_LANGUAGE_STANDARD = gnu99;
				GCC_DYNAMIC_NO_PIC = NO;
				GCC_NO_COMMON_BLOCKS = YES;
				GCC_OPTIMIZATION_LEVEL = 0;
				GCC_PREPROCESSOR_DEFINITIONS = (
					"DEBUG=1",
					"$(inherited)",
				);
				GCC_WARN_64_TO_32_BIT_CONVERSION = YES;
				GCC_WARN_ABOUT_RETURN_TYPE = YES_ERROR;
				GCC_WARN_UNDECLARED_SELECTOR = YES;
				GCC_WARN_UNINITIALIZED_AUTOS = YES_AGGRESSIVE;
				GCC_WARN_UNUSED_FUNCTION = YES;
				GCC_WARN_UNUSED_VARIABLE = YES;
				MACOSX_DEPLOYMENT_TARGET = 10.10;
				MTL_ENABLE_DEBUG_INFO = YES;
				ONLY_ACTIVE_ARCH = YES;
				SDKROOT = macosx;
			};
			name = Debug;
		};
		8F9889052092EFF200B7612E /* Release */ = {
			isa = XCBuildConfiguration;
			buildSettings = {
				ALWAYS_SEARCH_USER_PATHS = NO;
				CLANG_ANALYZER_NONNULL = YES;
				CLANG_ANALYZER_NUMBER_OBJECT_CONVERSION = YES_AGGRESSIVE;
				CLANG_CXX_LANGUAGE_STANDARD = "gnu++0x";
				CLANG_CXX_LIBRARY = "libc++";
				CLANG_ENABLE_MODULES = YES;
				CLANG_ENABLE_OBJC_ARC = YES;
				CLANG_WARN_BOOL_CONVERSION = YES;
				CLANG_WARN_CONSTANT_CONVERSION = YES;
				CLANG_WARN_DIRECT_OBJC_ISA_USAGE = YES_ERROR;
				CLANG_WARN_DOCUMENTATION_COMMENTS = YES;
				CLANG_WARN_EMPTY_BODY = YES;
				CLANG_WARN_ENUM_CONVERSION = YES;
				CLANG_WARN_INFINITE_RECURSION = YES;
				CLANG_WARN_INT_CONVERSION = YES;
				CLANG_WARN_OBJC_ROOT_CLASS = YES_ERROR;
				CLANG_WARN_SUSPICIOUS_MOVE = YES;
				CLANG_WARN_UNREACHABLE_CODE = YES;
				CLANG_WARN__DUPLICATE_METHOD_MATCH = YES;
				CODE_SIGN_IDENTITY = "-";
				COPY_PHASE_STRIP = NO;
				DEBUG_INFORMATION_FORMAT = "dwarf-with-dsym";
				ENABLE_NS_ASSERTIONS = NO;
				ENABLE_STRICT_OBJC_MSGSEND = YES;
				GCC_C_LANGUAGE_STANDARD = gnu99;
				GCC_NO_COMMON_BLOCKS = YES;
				GCC_WARN_64_TO_32_BIT_CONVERSION = YES;
				GCC_WARN_ABOUT_RETURN_TYPE = YES_ERROR;
				GCC_WARN_UNDECLARED_SELECTOR = YES;
				GCC_WARN_UNINITIALIZED_AUTOS = YES_AGGRESSIVE;
				GCC_WARN_UNUSED_FUNCTION = YES;
				GCC_WARN_UNUSED_VARIABLE = YES;
				MACOSX_DEPLOYMENT_TARGET = 10.10;
				MTL_ENABLE_DEBUG_INFO = NO;
				SDKROOT = macosx;
			};
			name = Release;
		};
		8F9889072092EFF200B7612E /* Debug */ = {
			isa = XCBuildConfiguration;
			buildSettings = {
				ASSETCATALOG_COMPILER_APPICON_NAME = AppIcon;
				COMBINE_HIDPI_IMAGES = YES;
				INFOPLIST_FILE = HPSReliefButton/Info.plist;
				LD_RUNPATH_SEARCH_PATHS = "$(inherited) @executable_path/../Frameworks";
				MACOSX_DEPLOYMENT_TARGET = 10.10;
				PRODUCT_BUNDLE_IDENTIFIER = com.100hps.HPSReliefButton;
				PRODUCT_NAME = "$(TARGET_NAME)";
			};
			name = Debug;
		};
		8F9889082092EFF200B7612E /* Release */ = {
			isa = XCBuildConfiguration;
			buildSettings = {
				ASSETCATALOG_COMPILER_APPICON_NAME = AppIcon;
				COMBINE_HIDPI_IMAGES = YES;
				INFOPLIST_FILE = HPSReliefButton/Info.plist;
				LD_RUNPATH_SEARCH_PATHS = "$(inherited) @executable_path/../Frameworks";
				MACOSX_DEPLOYMENT_TARGET = 10.10;
				PRODUCT_BUNDLE_IDENTIFIER = com.100hps.HPSReliefButton;
				PRODUCT_NAME = "$(TARGET_NAME)";
			};
			name = Release;
		};
/* End XCBuildConfiguration section */

/* Begin XCConfigurationList section */
		8F9888ED2092EFF200B7612E /* Build configuration list for PBXProject "HPSReliefButton" */ = {
			isa = XCConfigurationList;
			buildConfigurations = (
				8F9889042092EFF200B7612E /* Debug */,
				8F9889052092EFF200B7612E /* Release */,
			);
			defaultConfigurationIsVisible = 0;
			defaultConfigurationName = Release;
		};
		8F9889062092EFF200B7612E /* Build configuration list for PBXNativeTarget "HPSReliefButton" */ = {
			isa = XCConfigurationList;
			buildConfigurations = (
				8F9889072092EFF200B7612E /* Debug */,
				8F9889082092EFF200B7612E /* Release */,
			);
			defaultConfigurationIsVisible = 0;
			defaultConfigurationName = Release;
		};
/* End XCConfigurationList section */
	};
	rootObject = 8F9888EA2092EFF200B7612E /* Project object */;
}
